
Microsoft Visual Studio Solution File, Format Version 12.00
# Visual Studio Version 16
VisualStudioVersion = 25.0.1703.3
MinimumVisualStudioVersion = 10.0.40219.1
Project("{FAE04EC0-301F-11D3-BF4B-00C04F79EFBC}") = "CSharp6", "CSharp6\CSharp6.csproj", "{0C9A2341-6939-4696-AC2A-3DFF38000376}"
EndProject
Global
	GlobalSection(SolutionConfigurationPlatforms) = preSolution
		Debug|Any CPU = Debug|Any CPU
		Release|Any CPU = Release|Any CPU
	EndGlobalSection
	GlobalSection(ProjectConfigurationPlatforms) = postSolution
		{0C9A2341-6939-4696-AC2A-3DFF38000376}.Debug|Any CPU.ActiveCfg = Debug|Any CPU
		{0C9A2341-6939-4696-AC2A-3DFF38000376}.Debug|Any CPU.Build.0 = Debug|Any CPU
		{0C9A2341-6939-4696-AC2A-3DFF38000376}.Release|Any CPU.ActiveCfg = Release|Any CPU
		{0C9A2341-6939-4696-AC2A-3DFF38000376}.Release|Any CPU.Build.0 = Release|Any CPU
	EndGlobalSection
	GlobalSection(SolutionProperties) = preSolution
		HideSolutionNode = FALSE
	EndGlobalSection
	GlobalSection(ExtensibilityGlobals) = postSolution
		SolutionGuid = {1B8BD0E9-CC99-44A9-BF31-4C03690A2EB6}
	EndGlobalSection
EndGlobal
